// !$*UTF8*$!
{
	archiveVersion = 1;
	classes = {
	};
	objectVersion = 56;
	objects = {

/* Begin PBXBuildFile section */
		426038BC2AD5253D00B802FC /* EmployeeListViewControllerTestes.swift in Sources */ = {isa = PBXBuildFile; fileRef = 426038BB2AD5253D00B802FC /* EmployeeListViewControllerTestes.swift */; };
		426038BE2AD52E3700B802FC /* EmployeeCellTests.swift in Sources */ = {isa = PBXBuildFile; fileRef = 426038BD2AD52E3700B802FC /* EmployeeCellTests.swift */; };
		426038C52AD53F0600B802FC /* StoryboardIdentifierTests.swift in Sources */ = {isa = PBXBuildFile; fileRef = 426038C42AD53F0600B802FC /* StoryboardIdentifierTests.swift */; };
		4270018F2ACFBD12000E7D02 /* AppDelegate.swift in Sources */ = {isa = PBXBuildFile; fileRef = 4270018E2ACFBD12000E7D02 /* AppDelegate.swift */; };
		427001912ACFBD12000E7D02 /* SceneDelegate.swift in Sources */ = {isa = PBXBuildFile; fileRef = 427001902ACFBD12000E7D02 /* SceneDelegate.swift */; };
		427001932ACFBD12000E7D02 /* EmployeeListViewController.swift in Sources */ = {isa = PBXBuildFile; fileRef = 427001922ACFBD12000E7D02 /* EmployeeListViewController.swift */; };
		427001962ACFBD12000E7D02 /* Main.storyboard in Resources */ = {isa = PBXBuildFile; fileRef = 427001942ACFBD12000E7D02 /* Main.storyboard */; };
		427001982ACFBD13000E7D02 /* Assets.xcassets in Resources */ = {isa = PBXBuildFile; fileRef = 427001972ACFBD13000E7D02 /* Assets.xcassets */; };
		4270019B2ACFBD13000E7D02 /* LaunchScreen.storyboard in Resources */ = {isa = PBXBuildFile; fileRef = 427001992ACFBD13000E7D02 /* LaunchScreen.storyboard */; };
		427001A62ACFBD13000E7D02 /* EmployeeManagmentTests.swift in Sources */ = {isa = PBXBuildFile; fileRef = 427001A52ACFBD13000E7D02 /* EmployeeManagmentTests.swift */; };
		427001C42ACFC173000E7D02 /* APIConstants.swift in Sources */ = {isa = PBXBuildFile; fileRef = 427001C32ACFC173000E7D02 /* APIConstants.swift */; };
		427001C62ACFC59C000E7D02 /* ResponseError.swift in Sources */ = {isa = PBXBuildFile; fileRef = 427001C52ACFC59C000E7D02 /* ResponseError.swift */; };
		427001CB2ACFC751000E7D02 /* LocalizationKeys.swift in Sources */ = {isa = PBXBuildFile; fileRef = 427001CA2ACFC751000E7D02 /* LocalizationKeys.swift */; };
		427001D22ACFCDCE000E7D02 /* StringExtension.swift in Sources */ = {isa = PBXBuildFile; fileRef = 427001D12ACFCDCE000E7D02 /* StringExtension.swift */; };
		427001D92ACFD010000E7D02 /* Localizable.strings in Resources */ = {isa = PBXBuildFile; fileRef = 427001D82ACFD010000E7D02 /* Localizable.strings */; };
		427001DC2ACFD4DE000E7D02 /* EmployeeData.swift in Sources */ = {isa = PBXBuildFile; fileRef = 427001DB2ACFD4DE000E7D02 /* EmployeeData.swift */; };
		427001DE2ACFD5EE000E7D02 /* EmployeeInfo.swift in Sources */ = {isa = PBXBuildFile; fileRef = 427001DD2ACFD5EE000E7D02 /* EmployeeInfo.swift */; };
		427001E02ACFD9D1000E7D02 /* NetworkRequest.swift in Sources */ = {isa = PBXBuildFile; fileRef = 427001DF2ACFD9D1000E7D02 /* NetworkRequest.swift */; };
		427001E22ACFE4FD000E7D02 /* HTTPClient.swift in Sources */ = {isa = PBXBuildFile; fileRef = 427001E12ACFE4FD000E7D02 /* HTTPClient.swift */; };
		427001E52ACFEF87000E7D02 /* EmployeeService.swift in Sources */ = {isa = PBXBuildFile; fileRef = 427001E42ACFEF87000E7D02 /* EmployeeService.swift */; };
		427002132AD25D8C000E7D02 /* EmployeeInteractor.swift in Sources */ = {isa = PBXBuildFile; fileRef = 427002122AD25D8C000E7D02 /* EmployeeInteractor.swift */; };
		427002152AD25E25000E7D02 /* EmployeePresenter.swift in Sources */ = {isa = PBXBuildFile; fileRef = 427002142AD25E25000E7D02 /* EmployeePresenter.swift */; };
		427002172AD25EE8000E7D02 /* EmployeeListRouting.swift in Sources */ = {isa = PBXBuildFile; fileRef = 427002162AD25EE8000E7D02 /* EmployeeListRouting.swift */; };
		427002192AD26D6B000E7D02 /* EmployeeConfigurator.swift in Sources */ = {isa = PBXBuildFile; fileRef = 427002182AD26D6B000E7D02 /* EmployeeConfigurator.swift */; };
		4270021C2AD26DFA000E7D02 /* DataProvider.swift in Sources */ = {isa = PBXBuildFile; fileRef = 4270021B2AD26DFA000E7D02 /* DataProvider.swift */; };
		4270021E2AD26EA0000E7D02 /* DataStore.swift in Sources */ = {isa = PBXBuildFile; fileRef = 4270021D2AD26EA0000E7D02 /* DataStore.swift */; };
		427002202AD26FFC000E7D02 /* StoryboardIdentifier.swift in Sources */ = {isa = PBXBuildFile; fileRef = 4270021F2AD26FFC000E7D02 /* StoryboardIdentifier.swift */; };
		427002222AD27296000E7D02 /* UIstoryboardExtension.swift in Sources */ = {isa = PBXBuildFile; fileRef = 427002212AD27296000E7D02 /* UIstoryboardExtension.swift */; };
		427002272AD2C612000E7D02 /* EmployeeListCell.swift in Sources */ = {isa = PBXBuildFile; fileRef = 427002252AD2C612000E7D02 /* EmployeeListCell.swift */; };
		427002282AD2C612000E7D02 /* EmployeeListCell.xib in Resources */ = {isa = PBXBuildFile; fileRef = 427002262AD2C612000E7D02 /* EmployeeListCell.xib */; };
		4270022A2AD32486000E7D02 /* UItableViewCellExtension.swift in Sources */ = {isa = PBXBuildFile; fileRef = 427002292AD32486000E7D02 /* UItableViewCellExtension.swift */; };
		4270022C2AD325D7000E7D02 /* UiImageViewExtension.swift in Sources */ = {isa = PBXBuildFile; fileRef = 4270022B2AD325D7000E7D02 /* UiImageViewExtension.swift */; };
		427002322AD3B691000E7D02 /* EmployeeDataRespone.json in Resources */ = {isa = PBXBuildFile; fileRef = 427002312AD3B691000E7D02 /* EmployeeDataRespone.json */; };
		427002332AD3B6C7000E7D02 /* EmployeeDataRespone.json in Resources */ = {isa = PBXBuildFile; fileRef = 427002312AD3B691000E7D02 /* EmployeeDataRespone.json */; };
		427002362AD3B70B000E7D02 /* DataStoreTests.swift in Sources */ = {isa = PBXBuildFile; fileRef = 427002352AD3B70B000E7D02 /* DataStoreTests.swift */; };
		427002382AD3B7CE000E7D02 /* MockDataProvider.swift in Sources */ = {isa = PBXBuildFile; fileRef = 427002372AD3B7CE000E7D02 /* MockDataProvider.swift */; };
		4270023A2AD3B83E000E7D02 /* TestUtils.swift in Sources */ = {isa = PBXBuildFile; fileRef = 427002392AD3B83E000E7D02 /* TestUtils.swift */; };
		42ED1C6D2AD5656800C80275 /* EmployeeTableUITests.swift in Sources */ = {isa = PBXBuildFile; fileRef = 42ED1C6C2AD5656800C80275 /* EmployeeTableUITests.swift */; };
		42EED3632AD3D20C008666B0 /* ResponeErrorTests.swift in Sources */ = {isa = PBXBuildFile; fileRef = 42EED3622AD3D20C008666B0 /* ResponeErrorTests.swift */; };
		42EED3652AD3D5C3008666B0 /* NetworkRequestTest.swift in Sources */ = {isa = PBXBuildFile; fileRef = 42EED3642AD3D5C2008666B0 /* NetworkRequestTest.swift */; };
		42EED3682AD3D8AA008666B0 /* EmployeeListServiceTest.swift in Sources */ = {isa = PBXBuildFile; fileRef = 42EED3672AD3D8AA008666B0 /* EmployeeListServiceTest.swift */; };
		42EED36A2AD3DB34008666B0 /* MockHTPClient.swift in Sources */ = {isa = PBXBuildFile; fileRef = 42EED3692AD3DB34008666B0 /* MockHTPClient.swift */; };
		42EED36D2AD3F843008666B0 /* TestEmployeeData.swift in Sources */ = {isa = PBXBuildFile; fileRef = 42EED36C2AD3F843008666B0 /* TestEmployeeData.swift */; };
		42EED3712AD3FCD5008666B0 /* EmployeeListConfigurationTests.swift in Sources */ = {isa = PBXBuildFile; fileRef = 42EED3702AD3FCD5008666B0 /* EmployeeListConfigurationTests.swift */; };
		42EED3732AD3FF5F008666B0 /* EmployeeListPresenterTests.swift in Sources */ = {isa = PBXBuildFile; fileRef = 42EED3722AD3FF5F008666B0 /* EmployeeListPresenterTests.swift */; };
		42EED3752AD40520008666B0 /* EmployeeInteractorTests.swift in Sources */ = {isa = PBXBuildFile; fileRef = 42EED3742AD40520008666B0 /* EmployeeInteractorTests.swift */; };
/* End PBXBuildFile section */

/* Begin PBXContainerItemProxy section */
		427001A22ACFBD13000E7D02 /* PBXContainerItemProxy */ = {
			isa = PBXContainerItemProxy;
			containerPortal = 427001832ACFBD12000E7D02 /* Project object */;
			proxyType = 1;
			remoteGlobalIDString = 4270018A2ACFBD12000E7D02;
			remoteInfo = EmployeeManagment;
		};
		427001AC2ACFBD13000E7D02 /* PBXContainerItemProxy */ = {
			isa = PBXContainerItemProxy;
			containerPortal = 427001832ACFBD12000E7D02 /* Project object */;
			proxyType = 1;
			remoteGlobalIDString = 4270018A2ACFBD12000E7D02;
			remoteInfo = EmployeeManagment;
		};
/* End PBXContainerItemProxy section */

/* Begin PBXFileReference section */
		426038BB2AD5253D00B802FC /* EmployeeListViewControllerTestes.swift */ = {isa = PBXFileReference; lastKnownFileType = sourcecode.swift; path = EmployeeListViewControllerTestes.swift; sourceTree = "<group>"; };
		426038BD2AD52E3700B802FC /* EmployeeCellTests.swift */ = {isa = PBXFileReference; lastKnownFileType = sourcecode.swift; path = EmployeeCellTests.swift; sourceTree = "<group>"; };
		426038C42AD53F0600B802FC /* StoryboardIdentifierTests.swift */ = {isa = PBXFileReference; lastKnownFileType = sourcecode.swift; path = StoryboardIdentifierTests.swift; sourceTree = "<group>"; };
		4270018B2ACFBD12000E7D02 /* EmployeeManagment.app */ = {isa = PBXFileReference; explicitFileType = wrapper.application; includeInIndex = 0; path = EmployeeManagment.app; sourceTree = BUILT_PRODUCTS_DIR; };
		4270018E2ACFBD12000E7D02 /* AppDelegate.swift */ = {isa = PBXFileReference; lastKnownFileType = sourcecode.swift; path = AppDelegate.swift; sourceTree = "<group>"; };
		427001902ACFBD12000E7D02 /* SceneDelegate.swift */ = {isa = PBXFileReference; lastKnownFileType = sourcecode.swift; path = SceneDelegate.swift; sourceTree = "<group>"; };
		427001922ACFBD12000E7D02 /* EmployeeListViewController.swift */ = {isa = PBXFileReference; lastKnownFileType = sourcecode.swift; path = EmployeeListViewController.swift; sourceTree = "<group>"; };
		427001952ACFBD12000E7D02 /* Base */ = {isa = PBXFileReference; lastKnownFileType = file.storyboard; name = Base; path = Base.lproj/Main.storyboard; sourceTree = "<group>"; };
		427001972ACFBD13000E7D02 /* Assets.xcassets */ = {isa = PBXFileReference; lastKnownFileType = folder.assetcatalog; path = Assets.xcassets; sourceTree = "<group>"; };
		4270019A2ACFBD13000E7D02 /* Base */ = {isa = PBXFileReference; lastKnownFileType = file.storyboard; name = Base; path = Base.lproj/LaunchScreen.storyboard; sourceTree = "<group>"; };
		4270019C2ACFBD13000E7D02 /* Info.plist */ = {isa = PBXFileReference; lastKnownFileType = text.plist.xml; path = Info.plist; sourceTree = "<group>"; };
		427001A12ACFBD13000E7D02 /* EmployeeManagmentTests.xctest */ = {isa = PBXFileReference; explicitFileType = wrapper.cfbundle; includeInIndex = 0; path = EmployeeManagmentTests.xctest; sourceTree = BUILT_PRODUCTS_DIR; };
		427001A52ACFBD13000E7D02 /* EmployeeManagmentTests.swift */ = {isa = PBXFileReference; lastKnownFileType = sourcecode.swift; path = EmployeeManagmentTests.swift; sourceTree = "<group>"; };
		427001AB2ACFBD13000E7D02 /* EmployeeManagmentUITests.xctest */ = {isa = PBXFileReference; explicitFileType = wrapper.cfbundle; includeInIndex = 0; path = EmployeeManagmentUITests.xctest; sourceTree = BUILT_PRODUCTS_DIR; };
		427001C32ACFC173000E7D02 /* APIConstants.swift */ = {isa = PBXFileReference; lastKnownFileType = sourcecode.swift; path = APIConstants.swift; sourceTree = "<group>"; };
		427001C52ACFC59C000E7D02 /* ResponseError.swift */ = {isa = PBXFileReference; lastKnownFileType = sourcecode.swift; path = ResponseError.swift; sourceTree = "<group>"; };
		427001CA2ACFC751000E7D02 /* LocalizationKeys.swift */ = {isa = PBXFileReference; lastKnownFileType = sourcecode.swift; path = LocalizationKeys.swift; sourceTree = "<group>"; };
		427001D12ACFCDCE000E7D02 /* StringExtension.swift */ = {isa = PBXFileReference; lastKnownFileType = sourcecode.swift; path = StringExtension.swift; sourceTree = "<group>"; };
		427001D82ACFD010000E7D02 /* Localizable.strings */ = {isa = PBXFileReference; fileEncoding = 4; lastKnownFileType = text.plist.strings; path = Localizable.strings; sourceTree = "<group>"; };
		427001DB2ACFD4DE000E7D02 /* EmployeeData.swift */ = {isa = PBXFileReference; lastKnownFileType = sourcecode.swift; path = EmployeeData.swift; sourceTree = "<group>"; };
		427001DD2ACFD5EE000E7D02 /* EmployeeInfo.swift */ = {isa = PBXFileReference; lastKnownFileType = sourcecode.swift; path = EmployeeInfo.swift; sourceTree = "<group>"; };
		427001DF2ACFD9D1000E7D02 /* NetworkRequest.swift */ = {isa = PBXFileReference; lastKnownFileType = sourcecode.swift; path = NetworkRequest.swift; sourceTree = "<group>"; };
		427001E12ACFE4FD000E7D02 /* HTTPClient.swift */ = {isa = PBXFileReference; lastKnownFileType = sourcecode.swift; path = HTTPClient.swift; sourceTree = "<group>"; };
		427001E42ACFEF87000E7D02 /* EmployeeService.swift */ = {isa = PBXFileReference; lastKnownFileType = sourcecode.swift; path = EmployeeService.swift; sourceTree = "<group>"; };
		427002122AD25D8C000E7D02 /* EmployeeInteractor.swift */ = {isa = PBXFileReference; lastKnownFileType = sourcecode.swift; path = EmployeeInteractor.swift; sourceTree = "<group>"; };
		427002142AD25E25000E7D02 /* EmployeePresenter.swift */ = {isa = PBXFileReference; lastKnownFileType = sourcecode.swift; path = EmployeePresenter.swift; sourceTree = "<group>"; };
		427002162AD25EE8000E7D02 /* EmployeeListRouting.swift */ = {isa = PBXFileReference; lastKnownFileType = sourcecode.swift; path = EmployeeListRouting.swift; sourceTree = "<group>"; };
		427002182AD26D6B000E7D02 /* EmployeeConfigurator.swift */ = {isa = PBXFileReference; lastKnownFileType = sourcecode.swift; path = EmployeeConfigurator.swift; sourceTree = "<group>"; };
		4270021B2AD26DFA000E7D02 /* DataProvider.swift */ = {isa = PBXFileReference; lastKnownFileType = sourcecode.swift; path = DataProvider.swift; sourceTree = "<group>"; };
		4270021D2AD26EA0000E7D02 /* DataStore.swift */ = {isa = PBXFileReference; lastKnownFileType = sourcecode.swift; path = DataStore.swift; sourceTree = "<group>"; };
		4270021F2AD26FFC000E7D02 /* StoryboardIdentifier.swift */ = {isa = PBXFileReference; lastKnownFileType = sourcecode.swift; path = StoryboardIdentifier.swift; sourceTree = "<group>"; };
		427002212AD27296000E7D02 /* UIstoryboardExtension.swift */ = {isa = PBXFileReference; lastKnownFileType = sourcecode.swift; path = UIstoryboardExtension.swift; sourceTree = "<group>"; };
		427002252AD2C612000E7D02 /* EmployeeListCell.swift */ = {isa = PBXFileReference; lastKnownFileType = sourcecode.swift; path = EmployeeListCell.swift; sourceTree = "<group>"; };
		427002262AD2C612000E7D02 /* EmployeeListCell.xib */ = {isa = PBXFileReference; lastKnownFileType = file.xib; path = EmployeeListCell.xib; sourceTree = "<group>"; };
		427002292AD32486000E7D02 /* UItableViewCellExtension.swift */ = {isa = PBXFileReference; lastKnownFileType = sourcecode.swift; path = UItableViewCellExtension.swift; sourceTree = "<group>"; };
		4270022B2AD325D7000E7D02 /* UiImageViewExtension.swift */ = {isa = PBXFileReference; lastKnownFileType = sourcecode.swift; path = UiImageViewExtension.swift; sourceTree = "<group>"; };
		427002312AD3B691000E7D02 /* EmployeeDataRespone.json */ = {isa = PBXFileReference; lastKnownFileType = text.json; path = EmployeeDataRespone.json; sourceTree = "<group>"; };
		427002352AD3B70B000E7D02 /* DataStoreTests.swift */ = {isa = PBXFileReference; lastKnownFileType = sourcecode.swift; path = DataStoreTests.swift; sourceTree = "<group>"; };
		427002372AD3B7CE000E7D02 /* MockDataProvider.swift */ = {isa = PBXFileReference; lastKnownFileType = sourcecode.swift; path = MockDataProvider.swift; sourceTree = "<group>"; };
		427002392AD3B83E000E7D02 /* TestUtils.swift */ = {isa = PBXFileReference; lastKnownFileType = sourcecode.swift; path = TestUtils.swift; sourceTree = "<group>"; };
		42ED1C6C2AD5656800C80275 /* EmployeeTableUITests.swift */ = {isa = PBXFileReference; lastKnownFileType = sourcecode.swift; path = EmployeeTableUITests.swift; sourceTree = "<group>"; };
		42EED3622AD3D20C008666B0 /* ResponeErrorTests.swift */ = {isa = PBXFileReference; lastKnownFileType = sourcecode.swift; path = ResponeErrorTests.swift; sourceTree = "<group>"; };
		42EED3642AD3D5C2008666B0 /* NetworkRequestTest.swift */ = {isa = PBXFileReference; lastKnownFileType = sourcecode.swift; path = NetworkRequestTest.swift; sourceTree = "<group>"; };
		42EED3672AD3D8AA008666B0 /* EmployeeListServiceTest.swift */ = {isa = PBXFileReference; lastKnownFileType = sourcecode.swift; path = EmployeeListServiceTest.swift; sourceTree = "<group>"; };
		42EED3692AD3DB34008666B0 /* MockHTPClient.swift */ = {isa = PBXFileReference; lastKnownFileType = sourcecode.swift; path = MockHTPClient.swift; sourceTree = "<group>"; };
		42EED36C2AD3F843008666B0 /* TestEmployeeData.swift */ = {isa = PBXFileReference; lastKnownFileType = sourcecode.swift; path = TestEmployeeData.swift; sourceTree = "<group>"; };
		42EED3702AD3FCD5008666B0 /* EmployeeListConfigurationTests.swift */ = {isa = PBXFileReference; lastKnownFileType = sourcecode.swift; path = EmployeeListConfigurationTests.swift; sourceTree = "<group>"; };
		42EED3722AD3FF5F008666B0 /* EmployeeListPresenterTests.swift */ = {isa = PBXFileReference; lastKnownFileType = sourcecode.swift; path = EmployeeListPresenterTests.swift; sourceTree = "<group>"; };
		42EED3742AD40520008666B0 /* EmployeeInteractorTests.swift */ = {isa = PBXFileReference; lastKnownFileType = sourcecode.swift; path = EmployeeInteractorTests.swift; sourceTree = "<group>"; };
/* End PBXFileReference section */

/* Begin PBXFrameworksBuildPhase section */
		427001882ACFBD12000E7D02 /* Frameworks */ = {
			isa = PBXFrameworksBuildPhase;
			buildActionMask = 2147483647;
			files = (
			);
			runOnlyForDeploymentPostprocessing = 0;
		};
		4270019E2ACFBD13000E7D02 /* Frameworks */ = {
			isa = PBXFrameworksBuildPhase;
			buildActionMask = 2147483647;
			files = (
			);
			runOnlyForDeploymentPostprocessing = 0;
		};
		427001A82ACFBD13000E7D02 /* Frameworks */ = {
			isa = PBXFrameworksBuildPhase;
			buildActionMask = 2147483647;
			files = (
			);
			runOnlyForDeploymentPostprocessing = 0;
		};
/* End PBXFrameworksBuildPhase section */

/* Begin PBXGroup section */
		426038C32AD53EDE00B802FC /* Utility */ = {
			isa = PBXGroup;
			children = (
				426038C42AD53F0600B802FC /* StoryboardIdentifierTests.swift */,
			);
			path = Utility;
			sourceTree = "<group>";
		};
		427001822ACFBD12000E7D02 = {
			isa = PBXGroup;
			children = (
				4270018D2ACFBD12000E7D02 /* EmployeeManagment */,
				427001A42ACFBD13000E7D02 /* EmployeeManagmentTests */,
				427001AE2ACFBD13000E7D02 /* EmployeeManagmentUITests */,
				4270018C2ACFBD12000E7D02 /* Products */,
			);
			sourceTree = "<group>";
		};
		4270018C2ACFBD12000E7D02 /* Products */ = {
			isa = PBXGroup;
			children = (
				4270018B2ACFBD12000E7D02 /* EmployeeManagment.app */,
				427001A12ACFBD13000E7D02 /* EmployeeManagmentTests.xctest */,
				427001AB2ACFBD13000E7D02 /* EmployeeManagmentUITests.xctest */,
			);
			name = Products;
			sourceTree = "<group>";
		};
		4270018D2ACFBD12000E7D02 /* EmployeeManagment */ = {
			isa = PBXGroup;
			children = (
				4270018E2ACFBD12000E7D02 /* AppDelegate.swift */,
				427001902ACFBD12000E7D02 /* SceneDelegate.swift */,
				4270021A2AD26DBD000E7D02 /* DataStore */,
				427001DA2ACFD4BF000E7D02 /* Model */,
				427001CC2ACFC9E2000E7D02 /* Extension */,
				427001C92ACFC727000E7D02 /* Utility */,
				427001C22ACFBF72000E7D02 /* APIClient */,
				427001E32ACFECAD000E7D02 /* Service */,
				427001BF2ACFBF01000E7D02 /* Feature */,
				427001BE2ACFBED2000E7D02 /* Resources */,
				4270019C2ACFBD13000E7D02 /* Info.plist */,
			);
			path = EmployeeManagment;
			sourceTree = "<group>";
		};
		427001A42ACFBD13000E7D02 /* EmployeeManagmentTests */ = {
			isa = PBXGroup;
			children = (
				427002372AD3B7CE000E7D02 /* MockDataProvider.swift */,
				426038C32AD53EDE00B802FC /* Utility */,
				42EED36E2AD3FC82008666B0 /* Feature */,
				42EED36B2AD3F7F4008666B0 /* Model */,
				42EED3662AD3D84A008666B0 /* Services */,
				42EED3612AD3D1E7008666B0 /* APIClient */,
				427002342AD3B6E1000E7D02 /* DataStore */,
				427001A52ACFBD13000E7D02 /* EmployeeManagmentTests.swift */,
			);
			path = EmployeeManagmentTests;
			sourceTree = "<group>";
		};
		427001AE2ACFBD13000E7D02 /* EmployeeManagmentUITests */ = {
			isa = PBXGroup;
			children = (
				42ED1C6B2AD5654D00C80275 /* View */,
			);
			path = EmployeeManagmentUITests;
			sourceTree = "<group>";
		};
		427001BE2ACFBED2000E7D02 /* Resources */ = {
			isa = PBXGroup;
			children = (
				4270022F2AD3B621000E7D02 /* MockFile */,
				427001D82ACFD010000E7D02 /* Localizable.strings */,
				427001942ACFBD12000E7D02 /* Main.storyboard */,
				427001992ACFBD13000E7D02 /* LaunchScreen.storyboard */,
				427001972ACFBD13000E7D02 /* Assets.xcassets */,
			);
			path = Resources;
			sourceTree = "<group>";
		};
		427001BF2ACFBF01000E7D02 /* Feature */ = {
			isa = PBXGroup;
			children = (
				427001C02ACFBF2C000E7D02 /* EmployeeList */,
			);
			path = Feature;
			sourceTree = "<group>";
		};
		427001C02ACFBF2C000E7D02 /* EmployeeList */ = {
			isa = PBXGroup;
			children = (
				427001C12ACFBF4C000E7D02 /* View */,
				427002122AD25D8C000E7D02 /* EmployeeInteractor.swift */,
				427002142AD25E25000E7D02 /* EmployeePresenter.swift */,
				427002162AD25EE8000E7D02 /* EmployeeListRouting.swift */,
				427002182AD26D6B000E7D02 /* EmployeeConfigurator.swift */,
			);
			path = EmployeeList;
			sourceTree = "<group>";
		};
		427001C12ACFBF4C000E7D02 /* View */ = {
			isa = PBXGroup;
			children = (
				427001922ACFBD12000E7D02 /* EmployeeListViewController.swift */,
				427002252AD2C612000E7D02 /* EmployeeListCell.swift */,
				427002262AD2C612000E7D02 /* EmployeeListCell.xib */,
			);
			path = View;
			sourceTree = "<group>";
		};
		427001C22ACFBF72000E7D02 /* APIClient */ = {
			isa = PBXGroup;
			children = (
				427001C32ACFC173000E7D02 /* APIConstants.swift */,
				427001DF2ACFD9D1000E7D02 /* NetworkRequest.swift */,
				427001E12ACFE4FD000E7D02 /* HTTPClient.swift */,
				427001C52ACFC59C000E7D02 /* ResponseError.swift */,
				42EED3692AD3DB34008666B0 /* MockHTPClient.swift */,
			);
			path = APIClient;
			sourceTree = "<group>";
		};
		427001C92ACFC727000E7D02 /* Utility */ = {
			isa = PBXGroup;
			children = (
				427001CA2ACFC751000E7D02 /* LocalizationKeys.swift */,
				4270021F2AD26FFC000E7D02 /* StoryboardIdentifier.swift */,
				427002392AD3B83E000E7D02 /* TestUtils.swift */,
			);
			path = Utility;
			sourceTree = "<group>";
		};
		427001CC2ACFC9E2000E7D02 /* Extension */ = {
			isa = PBXGroup;
			children = (
				427001D12ACFCDCE000E7D02 /* StringExtension.swift */,
				4270022B2AD325D7000E7D02 /* UiImageViewExtension.swift */,
				427002212AD27296000E7D02 /* UIstoryboardExtension.swift */,
				427002292AD32486000E7D02 /* UItableViewCellExtension.swift */,
			);
			path = Extension;
			sourceTree = "<group>";
		};
		427001DA2ACFD4BF000E7D02 /* Model */ = {
			isa = PBXGroup;
			children = (
				427001DB2ACFD4DE000E7D02 /* EmployeeData.swift */,
				427001DD2ACFD5EE000E7D02 /* EmployeeInfo.swift */,
			);
			path = Model;
			sourceTree = "<group>";
		};
		427001E32ACFECAD000E7D02 /* Service */ = {
			isa = PBXGroup;
			children = (
				427001E42ACFEF87000E7D02 /* EmployeeService.swift */,
			);
			path = Service;
			sourceTree = "<group>";
		};
		4270021A2AD26DBD000E7D02 /* DataStore */ = {
			isa = PBXGroup;
			children = (
				4270021B2AD26DFA000E7D02 /* DataProvider.swift */,
				4270021D2AD26EA0000E7D02 /* DataStore.swift */,
			);
			path = DataStore;
			sourceTree = "<group>";
		};
		4270022F2AD3B621000E7D02 /* MockFile */ = {
			isa = PBXGroup;
			children = (
				427002312AD3B691000E7D02 /* EmployeeDataRespone.json */,
			);
			path = MockFile;
			sourceTree = "<group>";
		};
		427002342AD3B6E1000E7D02 /* DataStore */ = {
			isa = PBXGroup;
			children = (
				427002352AD3B70B000E7D02 /* DataStoreTests.swift */,
			);
			path = DataStore;
			sourceTree = "<group>";
		};
		42ED1C6B2AD5654D00C80275 /* View */ = {
			isa = PBXGroup;
			children = (
				42ED1C6C2AD5656800C80275 /* EmployeeTableUITests.swift */,
			);
			path = View;
			sourceTree = "<group>";
		};
		42EED3612AD3D1E7008666B0 /* APIClient */ = {
			isa = PBXGroup;
			children = (
				42EED3622AD3D20C008666B0 /* ResponeErrorTests.swift */,
				42EED3642AD3D5C2008666B0 /* NetworkRequestTest.swift */,
			);
			path = APIClient;
			sourceTree = "<group>";
		};
		42EED3662AD3D84A008666B0 /* Services */ = {
			isa = PBXGroup;
			children = (
				42EED3672AD3D8AA008666B0 /* EmployeeListServiceTest.swift */,
			);
			path = Services;
			sourceTree = "<group>";
		};
		42EED36B2AD3F7F4008666B0 /* Model */ = {
			isa = PBXGroup;
			children = (
				42EED36C2AD3F843008666B0 /* TestEmployeeData.swift */,
			);
			path = Model;
			sourceTree = "<group>";
		};
		42EED36E2AD3FC82008666B0 /* Feature */ = {
			isa = PBXGroup;
			children = (
				42EED3702AD3FCD5008666B0 /* EmployeeListConfigurationTests.swift */,
				42EED3722AD3FF5F008666B0 /* EmployeeListPresenterTests.swift */,
				42EED3742AD40520008666B0 /* EmployeeInteractorTests.swift */,
				426038BB2AD5253D00B802FC /* EmployeeListViewControllerTestes.swift */,
				426038BD2AD52E3700B802FC /* EmployeeCellTests.swift */,
			);
			path = Feature;
			sourceTree = "<group>";
		};
/* End PBXGroup section */

/* Begin PBXNativeTarget section */
		4270018A2ACFBD12000E7D02 /* EmployeeManagment */ = {
			isa = PBXNativeTarget;
			buildConfigurationList = 427001B52ACFBD13000E7D02 /* Build configuration list for PBXNativeTarget "EmployeeManagment" */;
			buildPhases = (
				427001872ACFBD12000E7D02 /* Sources */,
				427001882ACFBD12000E7D02 /* Frameworks */,
				427001892ACFBD12000E7D02 /* Resources */,
			);
			buildRules = (
			);
			dependencies = (
			);
			name = EmployeeManagment;
			productName = EmployeeManagment;
			productReference = 4270018B2ACFBD12000E7D02 /* EmployeeManagment.app */;
			productType = "com.apple.product-type.application";
		};
		427001A02ACFBD13000E7D02 /* EmployeeManagmentTests */ = {
			isa = PBXNativeTarget;
			buildConfigurationList = 427001B82ACFBD13000E7D02 /* Build configuration list for PBXNativeTarget "EmployeeManagmentTests" */;
			buildPhases = (
				4270019D2ACFBD13000E7D02 /* Sources */,
				4270019E2ACFBD13000E7D02 /* Frameworks */,
				4270019F2ACFBD13000E7D02 /* Resources */,
			);
			buildRules = (
			);
			dependencies = (
				427001A32ACFBD13000E7D02 /* PBXTargetDependency */,
			);
			name = EmployeeManagmentTests;
			productName = EmployeeManagmentTests;
			productReference = 427001A12ACFBD13000E7D02 /* EmployeeManagmentTests.xctest */;
			productType = "com.apple.product-type.bundle.unit-test";
		};
		427001AA2ACFBD13000E7D02 /* EmployeeManagmentUITests */ = {
			isa = PBXNativeTarget;
			buildConfigurationList = 427001BB2ACFBD13000E7D02 /* Build configuration list for PBXNativeTarget "EmployeeManagmentUITests" */;
			buildPhases = (
				427001A72ACFBD13000E7D02 /* Sources */,
				427001A82ACFBD13000E7D02 /* Frameworks */,
				427001A92ACFBD13000E7D02 /* Resources */,
			);
			buildRules = (
			);
			dependencies = (
				427001AD2ACFBD13000E7D02 /* PBXTargetDependency */,
			);
			name = EmployeeManagmentUITests;
			productName = EmployeeManagmentUITests;
			productReference = 427001AB2ACFBD13000E7D02 /* EmployeeManagmentUITests.xctest */;
			productType = "com.apple.product-type.bundle.ui-testing";
		};
/* End PBXNativeTarget section */

/* Begin PBXProject section */
		427001832ACFBD12000E7D02 /* Project object */ = {
			isa = PBXProject;
			attributes = {
				BuildIndependentTargetsInParallel = 1;
				LastSwiftUpdateCheck = 1500;
				LastUpgradeCheck = 1500;
				TargetAttributes = {
					4270018A2ACFBD12000E7D02 = {
						CreatedOnToolsVersion = 15.0;
					};
					427001A02ACFBD13000E7D02 = {
						CreatedOnToolsVersion = 15.0;
						TestTargetID = 4270018A2ACFBD12000E7D02;
					};
					427001AA2ACFBD13000E7D02 = {
						CreatedOnToolsVersion = 15.0;
						TestTargetID = 4270018A2ACFBD12000E7D02;
					};
				};
			};
			buildConfigurationList = 427001862ACFBD12000E7D02 /* Build configuration list for PBXProject "EmployeeManagment" */;
			compatibilityVersion = "Xcode 14.0";
			developmentRegion = en;
			hasScannedForEncodings = 0;
			knownRegions = (
				en,
				Base,
			);
			mainGroup = 427001822ACFBD12000E7D02;
			productRefGroup = 4270018C2ACFBD12000E7D02 /* Products */;
			projectDirPath = "";
			projectRoot = "";
			targets = (
				4270018A2ACFBD12000E7D02 /* EmployeeManagment */,
				427001A02ACFBD13000E7D02 /* EmployeeManagmentTests */,
				427001AA2ACFBD13000E7D02 /* EmployeeManagmentUITests */,
			);
		};
/* End PBXProject section */

/* Begin PBXResourcesBuildPhase section */
		427001892ACFBD12000E7D02 /* Resources */ = {
			isa = PBXResourcesBuildPhase;
			buildActionMask = 2147483647;
			files = (
				4270019B2ACFBD13000E7D02 /* LaunchScreen.storyboard in Resources */,
				427001D92ACFD010000E7D02 /* Localizable.strings in Resources */,
				427001982ACFBD13000E7D02 /* Assets.xcassets in Resources */,
				427001962ACFBD12000E7D02 /* Main.storyboard in Resources */,
				427002282AD2C612000E7D02 /* EmployeeListCell.xib in Resources */,
				427002322AD3B691000E7D02 /* EmployeeDataRespone.json in Resources */,
			);
			runOnlyForDeploymentPostprocessing = 0;
		};
		4270019F2ACFBD13000E7D02 /* Resources */ = {
			isa = PBXResourcesBuildPhase;
			buildActionMask = 2147483647;
			files = (
				427002332AD3B6C7000E7D02 /* EmployeeDataRespone.json in Resources */,
			);
			runOnlyForDeploymentPostprocessing = 0;
		};
		427001A92ACFBD13000E7D02 /* Resources */ = {
			isa = PBXResourcesBuildPhase;
			buildActionMask = 2147483647;
			files = (
			);
			runOnlyForDeploymentPostprocessing = 0;
		};
/* End PBXResourcesBuildPhase section */

/* Begin PBXSourcesBuildPhase section */
		427001872ACFBD12000E7D02 /* Sources */ = {
			isa = PBXSourcesBuildPhase;
			buildActionMask = 2147483647;
			files = (
				427002152AD25E25000E7D02 /* EmployeePresenter.swift in Sources */,
				427001DE2ACFD5EE000E7D02 /* EmployeeInfo.swift in Sources */,
				427002192AD26D6B000E7D02 /* EmployeeConfigurator.swift in Sources */,
				4270023A2AD3B83E000E7D02 /* TestUtils.swift in Sources */,
				427001E52ACFEF87000E7D02 /* EmployeeService.swift in Sources */,
				42EED36A2AD3DB34008666B0 /* MockHTPClient.swift in Sources */,
				427001CB2ACFC751000E7D02 /* LocalizationKeys.swift in Sources */,
				427002132AD25D8C000E7D02 /* EmployeeInteractor.swift in Sources */,
				427001D22ACFCDCE000E7D02 /* StringExtension.swift in Sources */,
				427002202AD26FFC000E7D02 /* StoryboardIdentifier.swift in Sources */,
				4270022C2AD325D7000E7D02 /* UiImageViewExtension.swift in Sources */,
				4270021E2AD26EA0000E7D02 /* DataStore.swift in Sources */,
				4270022A2AD32486000E7D02 /* UItableViewCellExtension.swift in Sources */,
				4270021C2AD26DFA000E7D02 /* DataProvider.swift in Sources */,
				427001C42ACFC173000E7D02 /* APIConstants.swift in Sources */,
				427001E02ACFD9D1000E7D02 /* NetworkRequest.swift in Sources */,
				427001932ACFBD12000E7D02 /* EmployeeListViewController.swift in Sources */,
				427001E22ACFE4FD000E7D02 /* HTTPClient.swift in Sources */,
				427001C62ACFC59C000E7D02 /* ResponseError.swift in Sources */,
				4270018F2ACFBD12000E7D02 /* AppDelegate.swift in Sources */,
				427001912ACFBD12000E7D02 /* SceneDelegate.swift in Sources */,
				427002172AD25EE8000E7D02 /* EmployeeListRouting.swift in Sources */,
				427002222AD27296000E7D02 /* UIstoryboardExtension.swift in Sources */,
				427002272AD2C612000E7D02 /* EmployeeListCell.swift in Sources */,
				427001DC2ACFD4DE000E7D02 /* EmployeeData.swift in Sources */,
			);
			runOnlyForDeploymentPostprocessing = 0;
		};
		4270019D2ACFBD13000E7D02 /* Sources */ = {
			isa = PBXSourcesBuildPhase;
			buildActionMask = 2147483647;
			files = (
				42EED3752AD40520008666B0 /* EmployeeInteractorTests.swift in Sources */,
				426038C52AD53F0600B802FC /* StoryboardIdentifierTests.swift in Sources */,
				42EED3652AD3D5C3008666B0 /* NetworkRequestTest.swift in Sources */,
				42EED3732AD3FF5F008666B0 /* EmployeeListPresenterTests.swift in Sources */,
				42EED36D2AD3F843008666B0 /* TestEmployeeData.swift in Sources */,
				42EED3682AD3D8AA008666B0 /* EmployeeListServiceTest.swift in Sources */,
				426038BE2AD52E3700B802FC /* EmployeeCellTests.swift in Sources */,
				427001A62ACFBD13000E7D02 /* EmployeeManagmentTests.swift in Sources */,
				427002362AD3B70B000E7D02 /* DataStoreTests.swift in Sources */,
				427002382AD3B7CE000E7D02 /* MockDataProvider.swift in Sources */,
				42EED3712AD3FCD5008666B0 /* EmployeeListConfigurationTests.swift in Sources */,
				42EED3632AD3D20C008666B0 /* ResponeErrorTests.swift in Sources */,
				426038BC2AD5253D00B802FC /* EmployeeListViewControllerTestes.swift in Sources */,
			);
			runOnlyForDeploymentPostprocessing = 0;
		};
		427001A72ACFBD13000E7D02 /* Sources */ = {
			isa = PBXSourcesBuildPhase;
			buildActionMask = 2147483647;
			files = (
				42ED1C6D2AD5656800C80275 /* EmployeeTableUITests.swift in Sources */,
			);
			runOnlyForDeploymentPostprocessing = 0;
		};
/* End PBXSourcesBuildPhase section */

/* Begin PBXTargetDependency section */
		427001A32ACFBD13000E7D02 /* PBXTargetDependency */ = {
			isa = PBXTargetDependency;
			target = 4270018A2ACFBD12000E7D02 /* EmployeeManagment */;
			targetProxy = 427001A22ACFBD13000E7D02 /* PBXContainerItemProxy */;
		};
		427001AD2ACFBD13000E7D02 /* PBXTargetDependency */ = {
			isa = PBXTargetDependency;
			target = 4270018A2ACFBD12000E7D02 /* EmployeeManagment */;
			targetProxy = 427001AC2ACFBD13000E7D02 /* PBXContainerItemProxy */;
		};
/* End PBXTargetDependency section */

/* Begin PBXVariantGroup section */
		427001942ACFBD12000E7D02 /* Main.storyboard */ = {
			isa = PBXVariantGroup;
			children = (
				427001952ACFBD12000E7D02 /* Base */,
			);
			name = Main.storyboard;
			sourceTree = "<group>";
		};
		427001992ACFBD13000E7D02 /* LaunchScreen.storyboard */ = {
			isa = PBXVariantGroup;
			children = (
				4270019A2ACFBD13000E7D02 /* Base */,
			);
			name = LaunchScreen.storyboard;
			sourceTree = "<group>";
		};
/* End PBXVariantGroup section */

/* Begin XCBuildConfiguration section */
		427001B32ACFBD13000E7D02 /* Debug */ = {
			isa = XCBuildConfiguration;
			buildSettings = {
				ALWAYS_SEARCH_USER_PATHS = NO;
				ASSETCATALOG_COMPILER_GENERATE_SWIFT_ASSET_SYMBOL_EXTENSIONS = YES;
				CLANG_ANALYZER_NONNULL = YES;
				CLANG_ANALYZER_NUMBER_OBJECT_CONVERSION = YES_AGGRESSIVE;
				CLANG_CXX_LANGUAGE_STANDARD = "gnu++20";
				CLANG_ENABLE_MODULES = YES;
				CLANG_ENABLE_OBJC_ARC = YES;
				CLANG_ENABLE_OBJC_WEAK = YES;
				CLANG_WARN_BLOCK_CAPTURE_AUTORELEASING = YES;
				CLANG_WARN_BOOL_CONVERSION = YES;
				CLANG_WARN_COMMA = YES;
				CLANG_WARN_CONSTANT_CONVERSION = YES;
				CLANG_WARN_DEPRECATED_OBJC_IMPLEMENTATIONS = YES;
				CLANG_WARN_DIRECT_OBJC_ISA_USAGE = YES_ERROR;
				CLANG_WARN_DOCUMENTATION_COMMENTS = YES;
				CLANG_WARN_EMPTY_BODY = YES;
				CLANG_WARN_ENUM_CONVERSION = YES;
				CLANG_WARN_INFINITE_RECURSION = YES;
				CLANG_WARN_INT_CONVERSION = YES;
				CLANG_WARN_NON_LITERAL_NULL_CONVERSION = YES;
				CLANG_WARN_OBJC_IMPLICIT_RETAIN_SELF = YES;
				CLANG_WARN_OBJC_LITERAL_CONVERSION = YES;
				CLANG_WARN_OBJC_ROOT_CLASS = YES_ERROR;
				CLANG_WARN_QUOTED_INCLUDE_IN_FRAMEWORK_HEADER = YES;
				CLANG_WARN_RANGE_LOOP_ANALYSIS = YES;
				CLANG_WARN_STRICT_PROTOTYPES = YES;
				CLANG_WARN_SUSPICIOUS_MOVE = YES;
				CLANG_WARN_UNGUARDED_AVAILABILITY = YES_AGGRESSIVE;
				CLANG_WARN_UNREACHABLE_CODE = YES;
				CLANG_WARN__DUPLICATE_METHOD_MATCH = YES;
				COPY_PHASE_STRIP = NO;
				DEBUG_INFORMATION_FORMAT = dwarf;
				ENABLE_STRICT_OBJC_MSGSEND = YES;
				ENABLE_TESTABILITY = YES;
				ENABLE_USER_SCRIPT_SANDBOXING = YES;
				GCC_C_LANGUAGE_STANDARD = gnu17;
				GCC_DYNAMIC_NO_PIC = NO;
				GCC_NO_COMMON_BLOCKS = YES;
				GCC_OPTIMIZATION_LEVEL = 0;
				GCC_PREPROCESSOR_DEFINITIONS = (
					"DEBUG=1",
					"$(inherited)",
				);
				GCC_WARN_64_TO_32_BIT_CONVERSION = YES;
				GCC_WARN_ABOUT_RETURN_TYPE = YES_ERROR;
				GCC_WARN_UNDECLARED_SELECTOR = YES;
				GCC_WARN_UNINITIALIZED_AUTOS = YES_AGGRESSIVE;
				GCC_WARN_UNUSED_FUNCTION = YES;
				GCC_WARN_UNUSED_VARIABLE = YES;
				IPHONEOS_DEPLOYMENT_TARGET = 17.0;
				LOCALIZATION_PREFERS_STRING_CATALOGS = YES;
				MTL_ENABLE_DEBUG_INFO = INCLUDE_SOURCE;
				MTL_FAST_MATH = YES;
				ONLY_ACTIVE_ARCH = YES;
				SDKROOT = iphoneos;
				SWIFT_ACTIVE_COMPILATION_CONDITIONS = "DEBUG $(inherited)";
				SWIFT_OPTIMIZATION_LEVEL = "-Onone";
			};
			name = Debug;
		};
		427001B42ACFBD13000E7D02 /* Release */ = {
			isa = XCBuildConfiguration;
			buildSettings = {
				ALWAYS_SEARCH_USER_PATHS = NO;
				ASSETCATALOG_COMPILER_GENERATE_SWIFT_ASSET_SYMBOL_EXTENSIONS = YES;
				CLANG_ANALYZER_NONNULL = YES;
				CLANG_ANALYZER_NUMBER_OBJECT_CONVERSION = YES_AGGRESSIVE;
				CLANG_CXX_LANGUAGE_STANDARD = "gnu++20";
				CLANG_ENABLE_MODULES = YES;
				CLANG_ENABLE_OBJC_ARC = YES;
				CLANG_ENABLE_OBJC_WEAK = YES;
				CLANG_WARN_BLOCK_CAPTURE_AUTORELEASING = YES;
				CLANG_WARN_BOOL_CONVERSION = YES;
				CLANG_WARN_COMMA = YES;
				CLANG_WARN_CONSTANT_CONVERSION = YES;
				CLANG_WARN_DEPRECATED_OBJC_IMPLEMENTATIONS = YES;
				CLANG_WARN_DIRECT_OBJC_ISA_USAGE = YES_ERROR;
				CLANG_WARN_DOCUMENTATION_COMMENTS = YES;
				CLANG_WARN_EMPTY_BODY = YES;
				CLANG_WARN_ENUM_CONVERSION = YES;
				CLANG_WARN_INFINITE_RECURSION = YES;
				CLANG_WARN_INT_CONVERSION = YES;
				CLANG_WARN_NON_LITERAL_NULL_CONVERSION = YES;
				CLANG_WARN_OBJC_IMPLICIT_RETAIN_SELF = YES;
				CLANG_WARN_OBJC_LITERAL_CONVERSION = YES;
				CLANG_WARN_OBJC_ROOT_CLASS = YES_ERROR;
				CLANG_WARN_QUOTED_INCLUDE_IN_FRAMEWORK_HEADER = YES;
				CLANG_WARN_RANGE_LOOP_ANALYSIS = YES;
				CLANG_WARN_STRICT_PROTOTYPES = YES;
				CLANG_WARN_SUSPICIOUS_MOVE = YES;
				CLANG_WARN_UNGUARDED_AVAILABILITY = YES_AGGRESSIVE;
				CLANG_WARN_UNREACHABLE_CODE = YES;
				CLANG_WARN__DUPLICATE_METHOD_MATCH = YES;
				COPY_PHASE_STRIP = NO;
				DEBUG_INFORMATION_FORMAT = "dwarf-with-dsym";
				ENABLE_NS_ASSERTIONS = NO;
				ENABLE_STRICT_OBJC_MSGSEND = YES;
				ENABLE_USER_SCRIPT_SANDBOXING = YES;
				GCC_C_LANGUAGE_STANDARD = gnu17;
				GCC_NO_COMMON_BLOCKS = YES;
				GCC_WARN_64_TO_32_BIT_CONVERSION = YES;
				GCC_WARN_ABOUT_RETURN_TYPE = YES_ERROR;
				GCC_WARN_UNDECLARED_SELECTOR = YES;
				GCC_WARN_UNINITIALIZED_AUTOS = YES_AGGRESSIVE;
				GCC_WARN_UNUSED_FUNCTION = YES;
				GCC_WARN_UNUSED_VARIABLE = YES;
				IPHONEOS_DEPLOYMENT_TARGET = 17.0;
				LOCALIZATION_PREFERS_STRING_CATALOGS = YES;
				MTL_ENABLE_DEBUG_INFO = NO;
				MTL_FAST_MATH = YES;
				SDKROOT = iphoneos;
				SWIFT_COMPILATION_MODE = wholemodule;
				VALIDATE_PRODUCT = YES;
			};
			name = Release;
		};
		427001B62ACFBD13000E7D02 /* Debug */ = {
			isa = XCBuildConfiguration;
			buildSettings = {
				ASSETCATALOG_COMPILER_APPICON_NAME = AppIcon;
				ASSETCATALOG_COMPILER_GLOBAL_ACCENT_COLOR_NAME = AccentColor;
				CODE_SIGN_STYLE = Automatic;
				CURRENT_PROJECT_VERSION = 1;
				DEVELOPMENT_TEAM = AKWVGP8VYX;
				GENERATE_INFOPLIST_FILE = YES;
				INFOPLIST_FILE = EmployeeManagment/Info.plist;
				INFOPLIST_KEY_UIApplicationSupportsIndirectInputEvents = YES;
				INFOPLIST_KEY_UILaunchStoryboardName = LaunchScreen;
				INFOPLIST_KEY_UIMainStoryboardFile = Main;
				INFOPLIST_KEY_UISupportedInterfaceOrientations_iPad = "UIInterfaceOrientationPortrait UIInterfaceOrientationPortraitUpsideDown UIInterfaceOrientationLandscapeLeft UIInterfaceOrientationLandscapeRight";
				INFOPLIST_KEY_UISupportedInterfaceOrientations_iPhone = "UIInterfaceOrientationPortrait UIInterfaceOrientationLandscapeLeft UIInterfaceOrientationLandscapeRight";
				LD_RUNPATH_SEARCH_PATHS = (
					"$(inherited)",
					"@executable_path/Frameworks",
				);
				MARKETING_VERSION = 1.0;
				PRODUCT_BUNDLE_IDENTIFIER = com.employeeMangment.EmployeeManagment;
				PRODUCT_NAME = "$(TARGET_NAME)";
				SWIFT_EMIT_LOC_STRINGS = YES;
				SWIFT_VERSION = 5.0;
				TARGETED_DEVICE_FAMILY = "1,2";
			};
			name = Debug;
		};
		427001B72ACFBD13000E7D02 /* Release */ = {
			isa = XCBuildConfiguration;
			buildSettings = {
				ASSETCATALOG_COMPILER_APPICON_NAME = AppIcon;
				ASSETCATALOG_COMPILER_GLOBAL_ACCENT_COLOR_NAME = AccentColor;
				CODE_SIGN_STYLE = Automatic;
				CURRENT_PROJECT_VERSION = 1;
				DEVELOPMENT_TEAM = AKWVGP8VYX;
				GENERATE_INFOPLIST_FILE = YES;
				INFOPLIST_FILE = EmployeeManagment/Info.plist;
				INFOPLIST_KEY_UIApplicationSupportsIndirectInputEvents = YES;
				INFOPLIST_KEY_UILaunchStoryboardName = LaunchScreen;
				INFOPLIST_KEY_UIMainStoryboardFile = Main;
				INFOPLIST_KEY_UISupportedInterfaceOrientations_iPad = "UIInterfaceOrientationPortrait UIInterfaceOrientationPortraitUpsideDown UIInterfaceOrientationLandscapeLeft UIInterfaceOrientationLandscapeRight";
				INFOPLIST_KEY_UISupportedInterfaceOrientations_iPhone = "UIInterfaceOrientationPortrait UIInterfaceOrientationLandscapeLeft UIInterfaceOrientationLandscapeRight";
				LD_RUNPATH_SEARCH_PATHS = (
					"$(inherited)",
					"@executable_path/Frameworks",
				);
				MARKETING_VERSION = 1.0;
				PRODUCT_BUNDLE_IDENTIFIER = com.employeeMangment.EmployeeManagment;
				PRODUCT_NAME = "$(TARGET_NAME)";
				SWIFT_EMIT_LOC_STRINGS = YES;
				SWIFT_VERSION = 5.0;
				TARGETED_DEVICE_FAMILY = "1,2";
			};
			name = Release;
		};
		427001B92ACFBD13000E7D02 /* Debug */ = {
			isa = XCBuildConfiguration;
			buildSettings = {
				ALWAYS_EMBED_SWIFT_STANDARD_LIBRARIES = YES;
				BUNDLE_LOADER = "$(TEST_HOST)";
				CODE_SIGN_STYLE = Automatic;
				CURRENT_PROJECT_VERSION = 1;
				DEVELOPMENT_TEAM = AKWVGP8VYX;
				GENERATE_INFOPLIST_FILE = YES;
				IPHONEOS_DEPLOYMENT_TARGET = 17.0;
				MARKETING_VERSION = 1.0;
				PRODUCT_BUNDLE_IDENTIFIER = com.employeeMangment.EmployeeManagmentTests;
				PRODUCT_NAME = "$(TARGET_NAME)";
				SWIFT_EMIT_LOC_STRINGS = NO;
				SWIFT_VERSION = 5.0;
				TARGETED_DEVICE_FAMILY = "1,2";
				TEST_HOST = "$(BUILT_PRODUCTS_DIR)/EmployeeManagment.app/$(BUNDLE_EXECUTABLE_FOLDER_PATH)/EmployeeManagment";
			};
			name = Debug;
		};
		427001BA2ACFBD13000E7D02 /* Release */ = {
			isa = XCBuildConfiguration;
			buildSettings = {
				ALWAYS_EMBED_SWIFT_STANDARD_LIBRARIES = YES;
				BUNDLE_LOADER = "$(TEST_HOST)";
				CODE_SIGN_STYLE = Automatic;
				CURRENT_PROJECT_VERSION = 1;
				DEVELOPMENT_TEAM = AKWVGP8VYX;
				GENERATE_INFOPLIST_FILE = YES;
				IPHONEOS_DEPLOYMENT_TARGET = 17.0;
				MARKETING_VERSION = 1.0;
				PRODUCT_BUNDLE_IDENTIFIER = com.employeeMangment.EmployeeManagmentTests;
				PRODUCT_NAME = "$(TARGET_NAME)";
				SWIFT_EMIT_LOC_STRINGS = NO;
				SWIFT_VERSION = 5.0;
				TARGETED_DEVICE_FAMILY = "1,2";
				TEST_HOST = "$(BUILT_PRODUCTS_DIR)/EmployeeManagment.app/$(BUNDLE_EXECUTABLE_FOLDER_PATH)/EmployeeManagment";
			};
			name = Release;
		};
		427001BC2ACFBD13000E7D02 /* Debug */ = {
			isa = XCBuildConfiguration;
			buildSettings = {
				ALWAYS_EMBED_SWIFT_STANDARD_LIBRARIES = YES;
				CODE_SIGN_STYLE = Automatic;
				CURRENT_PROJECT_VERSION = 1;
				DEVELOPMENT_TEAM = AKWVGP8VYX;
				GENERATE_INFOPLIST_FILE = YES;
				MARKETING_VERSION = 1.0;
				PRODUCT_BUNDLE_IDENTIFIER = com.employeeMangment.EmployeeManagmentUITests;
				PRODUCT_NAME = "$(TARGET_NAME)";
				SWIFT_EMIT_LOC_STRINGS = NO;
				SWIFT_VERSION = 5.0;
				TARGETED_DEVICE_FAMILY = "1,2";
				TEST_TARGET_NAME = EmployeeManagment;
			};
			name = Debug;
		};
		427001BD2ACFBD13000E7D02 /* Release */ = {
			isa = XCBuildConfiguration;
			buildSettings = {
				ALWAYS_EMBED_SWIFT_STANDARD_LIBRARIES = YES;
				CODE_SIGN_STYLE = Automatic;
				CURRENT_PROJECT_VERSION = 1;
				DEVELOPMENT_TEAM = AKWVGP8VYX;
				GENERATE_INFOPLIST_FILE = YES;
				MARKETING_VERSION = 1.0;
				PRODUCT_BUNDLE_IDENTIFIER = com.employeeMangment.EmployeeManagmentUITests;
				PRODUCT_NAME = "$(TARGET_NAME)";
				SWIFT_EMIT_LOC_STRINGS = NO;
				SWIFT_VERSION = 5.0;
				TARGETED_DEVICE_FAMILY = "1,2";
				TEST_TARGET_NAME = EmployeeManagment;
			};
			name = Release;
		};
/* End XCBuildConfiguration section */

/* Begin XCConfigurationList section */
		427001862ACFBD12000E7D02 /* Build configuration list for PBXProject "EmployeeManagment" */ = {
			isa = XCConfigurationList;
			buildConfigurations = (
				427001B32ACFBD13000E7D02 /* Debug */,
				427001B42ACFBD13000E7D02 /* Release */,
			);
			defaultConfigurationIsVisible = 0;
			defaultConfigurationName = Release;
		};
		427001B52ACFBD13000E7D02 /* Build configuration list for PBXNativeTarget "EmployeeManagment" */ = {
			isa = XCConfigurationList;
			buildConfigurations = (
				427001B62ACFBD13000E7D02 /* Debug */,
				427001B72ACFBD13000E7D02 /* Release */,
			);
			defaultConfigurationIsVisible = 0;
			defaultConfigurationName = Release;
		};
		427001B82ACFBD13000E7D02 /* Build configuration list for PBXNativeTarget "EmployeeManagmentTests" */ = {
			isa = XCConfigurationList;
			buildConfigurations = (
				427001B92ACFBD13000E7D02 /* Debug */,
				427001BA2ACFBD13000E7D02 /* Release */,
			);
			defaultConfigurationIsVisible = 0;
			defaultConfigurationName = Release;
		};
		427001BB2ACFBD13000E7D02 /* Build configuration list for PBXNativeTarget "EmployeeManagmentUITests" */ = {
			isa = XCConfigurationList;
			buildConfigurations = (
				427001BC2ACFBD13000E7D02 /* Debug */,
				427001BD2ACFBD13000E7D02 /* Release */,
			);
			defaultConfigurationIsVisible = 0;
			defaultConfigurationName = Release;
		};
/* End XCConfigurationList section */
	};
	rootObject = 427001832ACFBD12000E7D02 /* Project object */;
}
